
Microsoft Visual Studio Solution File, Format Version 12.00
# Visual Studio Version 17
VisualStudioVersion = 17.1.32210.238
MinimumVisualStudioVersion = 10.0.40219.1
Project("{9A19103F-16F7-4668-BE54-9A1E7A4F7556}") = "UdemyIdentityServer.AuthServer", "UdemyIdentityServer.AuthServer\UdemyIdentityServer.AuthServer.csproj", "{05C442A7-E9F5-488D-8DE2-4EAA7FD49FCA}"
EndProject
Project("{9A19103F-16F7-4668-BE54-9A1E7A4F7556}") = "UdemyIdentityServer.Client1", "UdemyIdentityServer.Client1\UdemyIdentityServer.Client1.csproj", "{608DC26F-963A-4F68-BE80-0D34718F4808}"
EndProject
Project("{9A19103F-16F7-4668-BE54-9A1E7A4F7556}") = "UdemyIdentityServer.Client2", "UdemyIdentityServer.Client2\UdemyIdentityServer.Client2.csproj", "{8785D895-3732-45ED-BE39-A532716B88FE}"
EndProject
Project("{9A19103F-16F7-4668-BE54-9A1E7A4F7556}") = "UdemyIdentityServer.API1", "UdemyIdentityServer.API1\UdemyIdentityServer.API1.csproj", "{E373E049-D681-42C0-B293-174CF12A8482}"
EndProject
Project("{9A19103F-16F7-4668-BE54-9A1E7A4F7556}") = "UdemyIdentityServer.API2", "UdemyIdentityServer.API2\UdemyIdentityServer.API2.csproj", "{74393996-2D6B-44E8-88A1-6BBBF6B6FD02}"
EndProject
Project("{2150E333-8FDC-42A3-9474-1A3956D46DE8}") = "Solution Items", "Solution Items", "{BA8963F8-753B-4267-80AE-A273E88D3CF1}"
	ProjectSection(SolutionItems) = preProject
		Ports.txt = Ports.txt
	EndProjectSection
EndProject
Project("{9A19103F-16F7-4668-BE54-9A1E7A4F7556}") = "UdemyIdentityServer-IdentityAPI.AuthServer", "UdemyIdentityServer-IdentityAPI.AuthServer\UdemyIdentityServer-IdentityAPI.AuthServer.csproj", "{49B008E1-CA64-4056-984E-3C3479E68835}"
EndProject
Global
	GlobalSection(SolutionConfigurationPlatforms) = preSolution
		Debug|Any CPU = Debug|Any CPU
		Release|Any CPU = Release|Any CPU
	EndGlobalSection
	GlobalSection(ProjectConfigurationPlatforms) = postSolution
		{05C442A7-E9F5-488D-8DE2-4EAA7FD49FCA}.Debug|Any CPU.ActiveCfg = Debug|Any CPU
		{05C442A7-E9F5-488D-8DE2-4EAA7FD49FCA}.Debug|Any CPU.Build.0 = Debug|Any CPU
		{05C442A7-E9F5-488D-8DE2-4EAA7FD49FCA}.Release|Any CPU.ActiveCfg = Release|Any CPU
		{05C442A7-E9F5-488D-8DE2-4EAA7FD49FCA}.Release|Any CPU.Build.0 = Release|Any CPU
		{608DC26F-963A-4F68-BE80-0D34718F4808}.Debug|Any CPU.ActiveCfg = Debug|Any CPU
		{608DC26F-963A-4F68-BE80-0D34718F4808}.Debug|Any CPU.Build.0 = Debug|Any CPU
		{608DC26F-963A-4F68-BE80-0D34718F4808}.Release|Any CPU.ActiveCfg = Release|Any CPU
		{608DC26F-963A-4F68-BE80-0D34718F4808}.Release|Any CPU.Build.0 = Release|Any CPU
		{8785D895-3732-45ED-BE39-A532716B88FE}.Debug|Any CPU.ActiveCfg = Debug|Any CPU
		{8785D895-3732-45ED-BE39-A532716B88FE}.Debug|Any CPU.Build.0 = Debug|Any CPU
		{8785D895-3732-45ED-BE39-A532716B88FE}.Release|Any CPU.ActiveCfg = Release|Any CPU
		{8785D895-3732-45ED-BE39-A532716B88FE}.Release|Any CPU.Build.0 = Release|Any CPU
		{E373E049-D681-42C0-B293-174CF12A8482}.Debug|Any CPU.ActiveCfg = Debug|Any CPU
		{E373E049-D681-42C0-B293-174CF12A8482}.Debug|Any CPU.Build.0 = Debug|Any CPU
		{E373E049-D681-42C0-B293-174CF12A8482}.Release|Any CPU.ActiveCfg = Release|Any CPU
		{E373E049-D681-42C0-B293-174CF12A8482}.Release|Any CPU.Build.0 = Release|Any CPU
		{74393996-2D6B-44E8-88A1-6BBBF6B6FD02}.Debug|Any CPU.ActiveCfg = Debug|Any CPU
		{74393996-2D6B-44E8-88A1-6BBBF6B6FD02}.Debug|Any CPU.Build.0 = Debug|Any CPU
		{74393996-2D6B-44E8-88A1-6BBBF6B6FD02}.Release|Any CPU.ActiveCfg = Release|Any CPU
		{74393996-2D6B-44E8-88A1-6BBBF6B6FD02}.Release|Any CPU.Build.0 = Release|Any CPU
		{49B008E1-CA64-4056-984E-3C3479E68835}.Debug|Any CPU.ActiveCfg = Debug|Any CPU
		{49B008E1-CA64-4056-984E-3C3479E68835}.Debug|Any CPU.Build.0 = Debug|Any CPU
		{49B008E1-CA64-4056-984E-3C3479E68835}.Release|Any CPU.ActiveCfg = Release|Any CPU
		{49B008E1-CA64-4056-984E-3C3479E68835}.Release|Any CPU.Build.0 = Release|Any CPU
	EndGlobalSection
	GlobalSection(SolutionProperties) = preSolution
		HideSolutionNode = FALSE
	EndGlobalSection
	GlobalSection(ExtensibilityGlobals) = postSolution
		SolutionGuid = {34E97DBC-0A58-4E11-8F81-F811EDA2ED09}
	EndGlobalSection
EndGlobal
